{
  "pins" : [
    {
      "identity" : "keyboardshortcuts",
      "kind" : "remoteSourceControl",
      "location" : "https://github.com/sindresorhus/KeyboardShortcuts",
      "state" : {
        "revision" : "aa50ffb413ce83a443a8c08eb20c76c226e9bce6",
        "version" : "1.9.0"
      }
    }
  ],
  "version" : 2
}
