{
  "originHash" : "69c39523ac0471922b625cc56b8722155cfd2afd660bdd4f5ff67335b5b87714",
  "pins" : [
    {
      "identity" : "keyboardshortcuts",
      "kind" : "remoteSourceControl",
      "location" : "https://github.com/sindresorhus/KeyboardShortcuts",
      "state" : {
        "revision" : "2e5f15581fefb821d4b366e57d817be8bf12aa58",
        "version" : "2.0.1"
      }
    }
  ],
  "version" : 3
}
