// !$*UTF8*$!
{
	archiveVersion = 1;
	classes = {
	};
	objectVersion = 51;
	objects = {

/* Begin PBXBuildFile section */
		7102423025F55D5600451D15 /* ReminderInterval.swift in Sources */ = {isa = PBXBuildFile; fileRef = 7102422F25F55D5600451D15 /* ReminderInterval.swift */; };
		71032A8F24C21F0F00A8006C /* FormNewReminderView.swift in Sources */ = {isa = PBXBuildFile; fileRef = 71032A8E24C21F0F00A8006C /* FormNewReminderView.swift */; };
		71059DAB25CA5244001F3063 /* AppDelegate.swift in Sources */ = {isa = PBXBuildFile; fileRef = 71059DAA25CA5244001F3063 /* AppDelegate.swift */; };
		71059DE125CA5C86001F3063 /* RemindersLauncher.app in CopyFiles */ = {isa = PBXBuildFile; fileRef = 71059DA825CA5244001F3063 /* RemindersLauncher.app */; settings = {ATTRIBUTES = (RemoveHeadersOnCopy, ); }; };
		710980D22600419F001F69B2 /* UpcomingRemindersList.swift in Sources */ = {isa = PBXBuildFile; fileRef = 710980D12600419F001F69B2 /* UpcomingRemindersList.swift */; };
		7115461324C0ADCB007781E2 /* ReminderItemView.swift in Sources */ = {isa = PBXBuildFile; fileRef = 7115461224C0ADCB007781E2 /* ReminderItemView.swift */; };
		7115461924C0C280007781E2 /* RemindersService.swift in Sources */ = {isa = PBXBuildFile; fileRef = 7115461824C0C280007781E2 /* RemindersService.swift */; };
		7119C2F025D85B75002C8013 /* SelectableView.swift in Sources */ = {isa = PBXBuildFile; fileRef = 7119C2EF25D85B75002C8013 /* SelectableView.swift */; };
		712C32B424BF939100AC75E2 /* AppDelegate.swift in Sources */ = {isa = PBXBuildFile; fileRef = 712C32B324BF939100AC75E2 /* AppDelegate.swift */; };
		712C32B624BF939100AC75E2 /* ContentView.swift in Sources */ = {isa = PBXBuildFile; fileRef = 712C32B524BF939100AC75E2 /* ContentView.swift */; };
		712C32B824BF939200AC75E2 /* Assets.xcassets in Resources */ = {isa = PBXBuildFile; fileRef = 712C32B724BF939200AC75E2 /* Assets.xcassets */; };
		712C32BB24BF939200AC75E2 /* Preview Assets.xcassets in Resources */ = {isa = PBXBuildFile; fileRef = 712C32BA24BF939200AC75E2 /* Preview Assets.xcassets */; };
		712C32BE24BF939200AC75E2 /* Main.storyboard in Resources */ = {isa = PBXBuildFile; fileRef = 712C32BC24BF939200AC75E2 /* Main.storyboard */; };
		71359E9824C6C0B5001D4C40 /* Colors.xcassets in Resources */ = {isa = PBXBuildFile; fileRef = 71359E9724C6C0B5001D4C40 /* Colors.xcassets */; };
		713F234524C130D400FF0BEC /* ReminderList.swift in Sources */ = {isa = PBXBuildFile; fileRef = 713F234424C130D400FF0BEC /* ReminderList.swift */; };
		7141456325CF9693006695B2 /* Release.swift in Sources */ = {isa = PBXBuildFile; fileRef = 7141456225CF9693006695B2 /* Release.swift */; };
		714C4980267FA56F00721516 /* remindersLocalized.swift in Sources */ = {isa = PBXBuildFile; fileRef = 714C497F267FA56F00721516 /* remindersLocalized.swift */; };
		714D03B226042416003063F7 /* Calendar+Extensions.swift in Sources */ = {isa = PBXBuildFile; fileRef = 714D03B126042416003063F7 /* Calendar+Extensions.swift */; };
		714E6F6125CCF66000BA0099 /* Constants.swift in Sources */ = {isa = PBXBuildFile; fileRef = 714E6F6025CCF66000BA0099 /* Constants.swift */; };
		714E6F6225CCF66000BA0099 /* Constants.swift in Sources */ = {isa = PBXBuildFile; fileRef = 714E6F6025CCF66000BA0099 /* Constants.swift */; };
		7151CC98265E0388002D7F1D /* Localizable.strings in Resources */ = {isa = PBXBuildFile; fileRef = 7151CC9A265E0388002D7F1D /* Localizable.strings */; };
		7156443A26030591005E81FD /* ArrayEKReminder+Extension.swift in Sources */ = {isa = PBXBuildFile; fileRef = 7156443926030591005E81FD /* ArrayEKReminder+Extension.swift */; };
		7156444226031CA9005E81FD /* Array+Extension.swift in Sources */ = {isa = PBXBuildFile; fileRef = 7156444126031CA9005E81FD /* Array+Extension.swift */; };
		71564448260324FA005E81FD /* PrioritizedReminders.swift in Sources */ = {isa = PBXBuildFile; fileRef = 71564447260324FA005E81FD /* PrioritizedReminders.swift */; };
		7172A74824C776E6001F96F1 /* RemindersData.swift in Sources */ = {isa = PBXBuildFile; fileRef = 7172A74724C776E6001F96F1 /* RemindersData.swift */; };
		71A0B2DC25CE20AC004E06AE /* AppUpdateCheckHelper.swift in Sources */ = {isa = PBXBuildFile; fileRef = 71A0B2DB25CE20AC004E06AE /* AppUpdateCheckHelper.swift */; };
		71A3834325BCA69C00975B4C /* Date+Extensions.swift in Sources */ = {isa = PBXBuildFile; fileRef = 71A3834225BCA69C00975B4C /* Date+Extensions.swift */; };
		71A3834625BDD2AC00975B4C /* EKReminder+Extensions.swift in Sources */ = {isa = PBXBuildFile; fileRef = 71A3834525BDD2AC00975B4C /* EKReminder+Extensions.swift */; };
		71A4163725CED8FE00CA4F81 /* GithubService.swift in Sources */ = {isa = PBXBuildFile; fileRef = 71A4163625CED8FE00CA4F81 /* GithubService.swift */; };
		71A73E8A25CCC6960064D528 /* main.swift in Sources */ = {isa = PBXBuildFile; fileRef = 71A73E8925CCC6960064D528 /* main.swift */; };
		71B4AD4F25B7D06400214219 /* CalendarTitleView.swift in Sources */ = {isa = PBXBuildFile; fileRef = 71B4AD4E25B7D06400214219 /* CalendarTitleView.swift */; };
		71B4AD5325B7F37D00214219 /* NSTextFiel+Extensions.swift in Sources */ = {isa = PBXBuildFile; fileRef = 71B4AD5225B7F37D00214219 /* NSTextFiel+Extensions.swift */; };
		71B4AD6625B9118000214219 /* NoReminderItemsView.swift in Sources */ = {isa = PBXBuildFile; fileRef = 71B4AD6525B9118000214219 /* NoReminderItemsView.swift */; };
		71B6D1FB24C6511000E66EDB /* SettingsBarView.swift in Sources */ = {isa = PBXBuildFile; fileRef = 71B6D1FA24C6511000E66EDB /* SettingsBarView.swift */; };
		71D12FF625EA196F00A1A0E6 /* UpcomingRemindersTitle.swift in Sources */ = {isa = PBXBuildFile; fileRef = 71D12FF525EA196F00A1A0E6 /* UpcomingRemindersTitle.swift */; };
		71E51D5825BFB8CF009A4B56 /* AboutView.swift in Sources */ = {isa = PBXBuildFile; fileRef = 71E51D5725BFB8CF009A4B56 /* AboutView.swift */; };
		71F301FA259FB5CF00CDD81E /* UserPreferences.swift in Sources */ = {isa = PBXBuildFile; fileRef = 71F301F9259FB5CF00CDD81E /* UserPreferences.swift */; };
		71F9726A25981EDF00D0A118 /* NSTableView+Extensions.swift in Sources */ = {isa = PBXBuildFile; fileRef = 71F9726925981EDF00D0A118 /* NSTableView+Extensions.swift */; };
/* End PBXBuildFile section */

/* Begin PBXCopyFilesBuildPhase section */
		71059DBD25CA5323001F3063 /* CopyFiles */ = {
			isa = PBXCopyFilesBuildPhase;
			buildActionMask = 2147483647;
			dstPath = Contents/Library/LoginItems;
			dstSubfolderSpec = 1;
			files = (
				71059DE125CA5C86001F3063 /* RemindersLauncher.app in CopyFiles */,
			);
			runOnlyForDeploymentPostprocessing = 0;
		};
/* End PBXCopyFilesBuildPhase section */

/* Begin PBXFileReference section */
		7102422F25F55D5600451D15 /* ReminderInterval.swift */ = {isa = PBXFileReference; lastKnownFileType = sourcecode.swift; path = ReminderInterval.swift; sourceTree = "<group>"; };
		71032A8E24C21F0F00A8006C /* FormNewReminderView.swift */ = {isa = PBXFileReference; lastKnownFileType = sourcecode.swift; path = FormNewReminderView.swift; sourceTree = "<group>"; };
		71059DA825CA5244001F3063 /* RemindersLauncher.app */ = {isa = PBXFileReference; explicitFileType = wrapper.application; includeInIndex = 0; path = RemindersLauncher.app; sourceTree = BUILT_PRODUCTS_DIR; };
		71059DAA25CA5244001F3063 /* AppDelegate.swift */ = {isa = PBXFileReference; lastKnownFileType = sourcecode.swift; path = AppDelegate.swift; sourceTree = "<group>"; };
		71059DB625CA5245001F3063 /* Info.plist */ = {isa = PBXFileReference; lastKnownFileType = text.plist.xml; path = Info.plist; sourceTree = "<group>"; };
		71059DB725CA5245001F3063 /* RemindersLauncher.entitlements */ = {isa = PBXFileReference; lastKnownFileType = text.plist.entitlements; path = RemindersLauncher.entitlements; sourceTree = "<group>"; };
		710980D12600419F001F69B2 /* UpcomingRemindersList.swift */ = {isa = PBXFileReference; lastKnownFileType = sourcecode.swift; path = UpcomingRemindersList.swift; sourceTree = "<group>"; };
		7115461224C0ADCB007781E2 /* ReminderItemView.swift */ = {isa = PBXFileReference; lastKnownFileType = sourcecode.swift; path = ReminderItemView.swift; sourceTree = "<group>"; };
		7115461824C0C280007781E2 /* RemindersService.swift */ = {isa = PBXFileReference; lastKnownFileType = sourcecode.swift; path = RemindersService.swift; sourceTree = "<group>"; };
		7119C2EF25D85B75002C8013 /* SelectableView.swift */ = {isa = PBXFileReference; lastKnownFileType = sourcecode.swift; path = SelectableView.swift; sourceTree = "<group>"; };
		712C32B024BF939100AC75E2 /* Reminders Menu Bar.app */ = {isa = PBXFileReference; explicitFileType = wrapper.application; includeInIndex = 0; path = "Reminders Menu Bar.app"; sourceTree = BUILT_PRODUCTS_DIR; };
		712C32B324BF939100AC75E2 /* AppDelegate.swift */ = {isa = PBXFileReference; lastKnownFileType = sourcecode.swift; path = AppDelegate.swift; sourceTree = "<group>"; };
		712C32B524BF939100AC75E2 /* ContentView.swift */ = {isa = PBXFileReference; lastKnownFileType = sourcecode.swift; path = ContentView.swift; sourceTree = "<group>"; };
		712C32B724BF939200AC75E2 /* Assets.xcassets */ = {isa = PBXFileReference; lastKnownFileType = folder.assetcatalog; path = Assets.xcassets; sourceTree = "<group>"; };
		712C32BA24BF939200AC75E2 /* Preview Assets.xcassets */ = {isa = PBXFileReference; lastKnownFileType = folder.assetcatalog; path = "Preview Assets.xcassets"; sourceTree = "<group>"; };
		712C32BD24BF939200AC75E2 /* Base */ = {isa = PBXFileReference; lastKnownFileType = file.storyboard; name = Base; path = Base.lproj/Main.storyboard; sourceTree = "<group>"; };
		712C32BF24BF939200AC75E2 /* Info.plist */ = {isa = PBXFileReference; lastKnownFileType = text.plist.xml; path = Info.plist; sourceTree = "<group>"; };
		712C32C024BF939200AC75E2 /* reminders_menu_bar.entitlements */ = {isa = PBXFileReference; lastKnownFileType = text.plist.entitlements; path = reminders_menu_bar.entitlements; sourceTree = "<group>"; };
		71359E9724C6C0B5001D4C40 /* Colors.xcassets */ = {isa = PBXFileReference; lastKnownFileType = folder.assetcatalog; path = Colors.xcassets; sourceTree = "<group>"; };
		713F234424C130D400FF0BEC /* ReminderList.swift */ = {isa = PBXFileReference; lastKnownFileType = sourcecode.swift; path = ReminderList.swift; sourceTree = "<group>"; };
		7141456225CF9693006695B2 /* Release.swift */ = {isa = PBXFileReference; lastKnownFileType = sourcecode.swift; path = Release.swift; sourceTree = "<group>"; };
		714C497F267FA56F00721516 /* remindersLocalized.swift */ = {isa = PBXFileReference; lastKnownFileType = sourcecode.swift; path = remindersLocalized.swift; sourceTree = "<group>"; };
		714D03B126042416003063F7 /* Calendar+Extensions.swift */ = {isa = PBXFileReference; lastKnownFileType = sourcecode.swift; path = "Calendar+Extensions.swift"; sourceTree = "<group>"; };
		714E6F6025CCF66000BA0099 /* Constants.swift */ = {isa = PBXFileReference; lastKnownFileType = sourcecode.swift; path = Constants.swift; sourceTree = "<group>"; };
		7151CC99265E0388002D7F1D /* en */ = {isa = PBXFileReference; lastKnownFileType = text.plist.strings; name = en; path = en.lproj/Localizable.strings; sourceTree = "<group>"; };
		7156443926030591005E81FD /* ArrayEKReminder+Extension.swift */ = {isa = PBXFileReference; lastKnownFileType = sourcecode.swift; path = "ArrayEKReminder+Extension.swift"; sourceTree = "<group>"; };
		7156444126031CA9005E81FD /* Array+Extension.swift */ = {isa = PBXFileReference; lastKnownFileType = sourcecode.swift; path = "Array+Extension.swift"; sourceTree = "<group>"; };
		71564447260324FA005E81FD /* PrioritizedReminders.swift */ = {isa = PBXFileReference; lastKnownFileType = sourcecode.swift; path = PrioritizedReminders.swift; sourceTree = "<group>"; };
		7172A74724C776E6001F96F1 /* RemindersData.swift */ = {isa = PBXFileReference; lastKnownFileType = sourcecode.swift; path = RemindersData.swift; sourceTree = "<group>"; };
		71A0B2DB25CE20AC004E06AE /* AppUpdateCheckHelper.swift */ = {isa = PBXFileReference; lastKnownFileType = sourcecode.swift; path = AppUpdateCheckHelper.swift; sourceTree = "<group>"; };
		71A3834225BCA69C00975B4C /* Date+Extensions.swift */ = {isa = PBXFileReference; lastKnownFileType = sourcecode.swift; path = "Date+Extensions.swift"; sourceTree = "<group>"; };
		71A3834525BDD2AC00975B4C /* EKReminder+Extensions.swift */ = {isa = PBXFileReference; lastKnownFileType = sourcecode.swift; path = "EKReminder+Extensions.swift"; sourceTree = "<group>"; };
		71A4163625CED8FE00CA4F81 /* GithubService.swift */ = {isa = PBXFileReference; lastKnownFileType = sourcecode.swift; path = GithubService.swift; sourceTree = "<group>"; };
		71A73E8925CCC6960064D528 /* main.swift */ = {isa = PBXFileReference; lastKnownFileType = sourcecode.swift; path = main.swift; sourceTree = "<group>"; };
		71B4AD4E25B7D06400214219 /* CalendarTitleView.swift */ = {isa = PBXFileReference; lastKnownFileType = sourcecode.swift; path = CalendarTitleView.swift; sourceTree = "<group>"; };
		71B4AD5225B7F37D00214219 /* NSTextFiel+Extensions.swift */ = {isa = PBXFileReference; lastKnownFileType = sourcecode.swift; path = "NSTextFiel+Extensions.swift"; sourceTree = "<group>"; };
		71B4AD6525B9118000214219 /* NoReminderItemsView.swift */ = {isa = PBXFileReference; lastKnownFileType = sourcecode.swift; path = NoReminderItemsView.swift; sourceTree = "<group>"; };
		71B6D1FA24C6511000E66EDB /* SettingsBarView.swift */ = {isa = PBXFileReference; lastKnownFileType = sourcecode.swift; path = SettingsBarView.swift; sourceTree = "<group>"; };
		71D12FF525EA196F00A1A0E6 /* UpcomingRemindersTitle.swift */ = {isa = PBXFileReference; lastKnownFileType = sourcecode.swift; path = UpcomingRemindersTitle.swift; sourceTree = "<group>"; };
		71E51D5725BFB8CF009A4B56 /* AboutView.swift */ = {isa = PBXFileReference; lastKnownFileType = sourcecode.swift; path = AboutView.swift; sourceTree = "<group>"; };
		71F301F9259FB5CF00CDD81E /* UserPreferences.swift */ = {isa = PBXFileReference; lastKnownFileType = sourcecode.swift; path = UserPreferences.swift; sourceTree = "<group>"; };
		71F9726925981EDF00D0A118 /* NSTableView+Extensions.swift */ = {isa = PBXFileReference; lastKnownFileType = sourcecode.swift; path = "NSTableView+Extensions.swift"; sourceTree = "<group>"; };
		A346D6F92696EC3800A63A5D /* it */ = {isa = PBXFileReference; lastKnownFileType = text.plist.strings; name = it; path = it.lproj/Main.strings; sourceTree = "<group>"; };
		A346D6FA2696EC3800A63A5D /* it */ = {isa = PBXFileReference; lastKnownFileType = text.plist.strings; name = it; path = it.lproj/Localizable.strings; sourceTree = "<group>"; };
/* End PBXFileReference section */

/* Begin PBXFrameworksBuildPhase section */
		71059DA525CA5244001F3063 /* Frameworks */ = {
			isa = PBXFrameworksBuildPhase;
			buildActionMask = 2147483647;
			files = (
			);
			runOnlyForDeploymentPostprocessing = 0;
		};
		712C32AD24BF939100AC75E2 /* Frameworks */ = {
			isa = PBXFrameworksBuildPhase;
			buildActionMask = 2147483647;
			files = (
			);
			runOnlyForDeploymentPostprocessing = 0;
		};
/* End PBXFrameworksBuildPhase section */

/* Begin PBXGroup section */
		71059DA925CA5244001F3063 /* RemindersLauncher */ = {
			isa = PBXGroup;
			children = (
				71059DAA25CA5244001F3063 /* AppDelegate.swift */,
				71A73E8925CCC6960064D528 /* main.swift */,
				71059DB625CA5245001F3063 /* Info.plist */,
				71059DB725CA5245001F3063 /* RemindersLauncher.entitlements */,
			);
			path = RemindersLauncher;
			sourceTree = "<group>";
		};
		7115461124C0AC74007781E2 /* Views */ = {
			isa = PBXGroup;
			children = (
				7119C2F625D86397002C8013 /* Helpers */,
				712C32B524BF939100AC75E2 /* ContentView.swift */,
				71032A8E24C21F0F00A8006C /* FormNewReminderView.swift */,
				71B4AD4E25B7D06400214219 /* CalendarTitleView.swift */,
				7115461224C0ADCB007781E2 /* ReminderItemView.swift */,
				71B4AD6525B9118000214219 /* NoReminderItemsView.swift */,
				71B6D1FA24C6511000E66EDB /* SettingsBarView.swift */,
				71E51D5725BFB8CF009A4B56 /* AboutView.swift */,
				71D12FF525EA196F00A1A0E6 /* UpcomingRemindersTitle.swift */,
				710980D12600419F001F69B2 /* UpcomingRemindersList.swift */,
			);
			path = Views;
			sourceTree = "<group>";
		};
		7115461724C0C273007781E2 /* Services */ = {
			isa = PBXGroup;
			children = (
				7115461824C0C280007781E2 /* RemindersService.swift */,
				71A4163625CED8FE00CA4F81 /* GithubService.swift */,
				71F301F9259FB5CF00CDD81E /* UserPreferences.swift */,
			);
			path = Services;
			sourceTree = "<group>";
		};
		7119C2F625D86397002C8013 /* Helpers */ = {
			isa = PBXGroup;
			children = (
				7119C2EF25D85B75002C8013 /* SelectableView.swift */,
			);
			path = Helpers;
			sourceTree = "<group>";
		};
		712C32A724BF939100AC75E2 = {
			isa = PBXGroup;
			children = (
				712C32B224BF939100AC75E2 /* reminders-menu-bar */,
				71059DA925CA5244001F3063 /* RemindersLauncher */,
				712C32B124BF939100AC75E2 /* Products */,
			);
			sourceTree = "<group>";
		};
		712C32B124BF939100AC75E2 /* Products */ = {
			isa = PBXGroup;
			children = (
				712C32B024BF939100AC75E2 /* Reminders Menu Bar.app */,
				71059DA825CA5244001F3063 /* RemindersLauncher.app */,
			);
			name = Products;
			sourceTree = "<group>";
		};
		712C32B224BF939100AC75E2 /* reminders-menu-bar */ = {
			isa = PBXGroup;
			children = (
				71F9726825981EC800D0A118 /* Extensions */,
				713F234324C130AE00FF0BEC /* Models */,
				7115461724C0C273007781E2 /* Services */,
				7115461124C0AC74007781E2 /* Views */,
				7192EF37265DF2EE00B51F02 /* Resources */,
				712C32B324BF939100AC75E2 /* AppDelegate.swift */,
				71A0B2DB25CE20AC004E06AE /* AppUpdateCheckHelper.swift */,
				714E6F6025CCF66000BA0099 /* Constants.swift */,
				712C32BC24BF939200AC75E2 /* Main.storyboard */,
				712C32BF24BF939200AC75E2 /* Info.plist */,
				712C32C024BF939200AC75E2 /* reminders_menu_bar.entitlements */,
				712C32B924BF939200AC75E2 /* Preview Content */,
			);
			path = "reminders-menu-bar";
			sourceTree = "<group>";
		};
		712C32B924BF939200AC75E2 /* Preview Content */ = {
			isa = PBXGroup;
			children = (
				712C32BA24BF939200AC75E2 /* Preview Assets.xcassets */,
			);
			path = "Preview Content";
			sourceTree = "<group>";
		};
		713F234324C130AE00FF0BEC /* Models */ = {
			isa = PBXGroup;
			children = (
				713F234424C130D400FF0BEC /* ReminderList.swift */,
				7172A74724C776E6001F96F1 /* RemindersData.swift */,
				7141456225CF9693006695B2 /* Release.swift */,
				7102422F25F55D5600451D15 /* ReminderInterval.swift */,
				71564447260324FA005E81FD /* PrioritizedReminders.swift */,
			);
			path = Models;
			sourceTree = "<group>";
		};
		7192EF37265DF2EE00B51F02 /* Resources */ = {
			isa = PBXGroup;
			children = (
				712C32B724BF939200AC75E2 /* Assets.xcassets */,
				71359E9724C6C0B5001D4C40 /* Colors.xcassets */,
				7151CC9A265E0388002D7F1D /* Localizable.strings */,
				714C497F267FA56F00721516 /* remindersLocalized.swift */,
			);
			path = Resources;
			sourceTree = "<group>";
		};
		71F9726825981EC800D0A118 /* Extensions */ = {
			isa = PBXGroup;
			children = (
				71F9726925981EDF00D0A118 /* NSTableView+Extensions.swift */,
				71B4AD5225B7F37D00214219 /* NSTextFiel+Extensions.swift */,
				71A3834225BCA69C00975B4C /* Date+Extensions.swift */,
				714D03B126042416003063F7 /* Calendar+Extensions.swift */,
				71A3834525BDD2AC00975B4C /* EKReminder+Extensions.swift */,
				7156444126031CA9005E81FD /* Array+Extension.swift */,
				7156443926030591005E81FD /* ArrayEKReminder+Extension.swift */,
			);
			path = Extensions;
			sourceTree = "<group>";
		};
/* End PBXGroup section */

/* Begin PBXNativeTarget section */
		71059DA725CA5244001F3063 /* RemindersLauncher */ = {
			isa = PBXNativeTarget;
			buildConfigurationList = 71059DBA25CA5245001F3063 /* Build configuration list for PBXNativeTarget "RemindersLauncher" */;
			buildPhases = (
				71059DA425CA5244001F3063 /* Sources */,
				71059DA525CA5244001F3063 /* Frameworks */,
				71059DA625CA5244001F3063 /* Resources */,
			);
			buildRules = (
			);
			dependencies = (
			);
			name = RemindersLauncher;
			productName = RemindersLauncher;
			productReference = 71059DA825CA5244001F3063 /* RemindersLauncher.app */;
			productType = "com.apple.product-type.application";
		};
		712C32AF24BF939100AC75E2 /* Reminders Menu Bar */ = {
			isa = PBXNativeTarget;
			buildConfigurationList = 712C32C324BF939200AC75E2 /* Build configuration list for PBXNativeTarget "Reminders Menu Bar" */;
			buildPhases = (
				7133C87225918BD700F7E0AA /* SwiftLint */,
				712C32AC24BF939100AC75E2 /* Sources */,
				712C32AD24BF939100AC75E2 /* Frameworks */,
				712C32AE24BF939100AC75E2 /* Resources */,
				71059DBD25CA5323001F3063 /* CopyFiles */,
			);
			buildRules = (
			);
			dependencies = (
			);
			name = "Reminders Menu Bar";
			productName = "reminders-menu-bar";
			productReference = 712C32B024BF939100AC75E2 /* Reminders Menu Bar.app */;
			productType = "com.apple.product-type.application";
		};
/* End PBXNativeTarget section */

/* Begin PBXProject section */
		712C32A824BF939100AC75E2 /* Project object */ = {
			isa = PBXProject;
			attributes = {
				LastSwiftUpdateCheck = 1240;
				LastUpgradeCheck = 1240;
				ORGANIZATIONNAME = "Rafael Damasceno";
				TargetAttributes = {
					71059DA725CA5244001F3063 = {
						CreatedOnToolsVersion = 12.4;
					};
					712C32AF24BF939100AC75E2 = {
						CreatedOnToolsVersion = 11.5;
					};
				};
			};
			buildConfigurationList = 712C32AB24BF939100AC75E2 /* Build configuration list for PBXProject "reminders-menu-bar" */;
			compatibilityVersion = "Xcode 10.0";
			developmentRegion = en;
			hasScannedForEncodings = 0;
			knownRegions = (
				en,
				Base,
				it,
			);
			mainGroup = 712C32A724BF939100AC75E2;
			productRefGroup = 712C32B124BF939100AC75E2 /* Products */;
			projectDirPath = "";
			projectRoot = "";
			targets = (
				712C32AF24BF939100AC75E2 /* Reminders Menu Bar */,
				71059DA725CA5244001F3063 /* RemindersLauncher */,
			);
		};
/* End PBXProject section */

/* Begin PBXResourcesBuildPhase section */
		71059DA625CA5244001F3063 /* Resources */ = {
			isa = PBXResourcesBuildPhase;
			buildActionMask = 2147483647;
			files = (
			);
			runOnlyForDeploymentPostprocessing = 0;
		};
		712C32AE24BF939100AC75E2 /* Resources */ = {
			isa = PBXResourcesBuildPhase;
			buildActionMask = 2147483647;
			files = (
				7151CC98265E0388002D7F1D /* Localizable.strings in Resources */,
				712C32BE24BF939200AC75E2 /* Main.storyboard in Resources */,
				71359E9824C6C0B5001D4C40 /* Colors.xcassets in Resources */,
				712C32BB24BF939200AC75E2 /* Preview Assets.xcassets in Resources */,
				712C32B824BF939200AC75E2 /* Assets.xcassets in Resources */,
			);
			runOnlyForDeploymentPostprocessing = 0;
		};
/* End PBXResourcesBuildPhase section */

/* Begin PBXShellScriptBuildPhase section */
		7133C87225918BD700F7E0AA /* SwiftLint */ = {
			isa = PBXShellScriptBuildPhase;
			buildActionMask = 2147483647;
			files = (
			);
			inputFileListPaths = (
			);
			inputPaths = (
			);
			name = SwiftLint;
			outputFileListPaths = (
			);
			outputPaths = (
			);
			runOnlyForDeploymentPostprocessing = 0;
			shellPath = /bin/sh;
			shellScript = "if which swiftlint >/dev/null; then\n  swiftlint\nelse\n  echo \"warning: SwiftLint not installed, download from https://github.com/realm/SwiftLint\"\nfi\n";
		};
/* End PBXShellScriptBuildPhase section */

/* Begin PBXSourcesBuildPhase section */
		71059DA425CA5244001F3063 /* Sources */ = {
			isa = PBXSourcesBuildPhase;
			buildActionMask = 2147483647;
			files = (
				71A73E8A25CCC6960064D528 /* main.swift in Sources */,
				714E6F6225CCF66000BA0099 /* Constants.swift in Sources */,
				71059DAB25CA5244001F3063 /* AppDelegate.swift in Sources */,
			);
			runOnlyForDeploymentPostprocessing = 0;
		};
		712C32AC24BF939100AC75E2 /* Sources */ = {
			isa = PBXSourcesBuildPhase;
			buildActionMask = 2147483647;
			files = (
				71A4163725CED8FE00CA4F81 /* GithubService.swift in Sources */,
				7141456325CF9693006695B2 /* Release.swift in Sources */,
				71E51D5825BFB8CF009A4B56 /* AboutView.swift in Sources */,
				7115461924C0C280007781E2 /* RemindersService.swift in Sources */,
				71B6D1FB24C6511000E66EDB /* SettingsBarView.swift in Sources */,
				710980D22600419F001F69B2 /* UpcomingRemindersList.swift in Sources */,
				713F234524C130D400FF0BEC /* ReminderList.swift in Sources */,
				7119C2F025D85B75002C8013 /* SelectableView.swift in Sources */,
				712C32B624BF939100AC75E2 /* ContentView.swift in Sources */,
				71B4AD4F25B7D06400214219 /* CalendarTitleView.swift in Sources */,
				7115461324C0ADCB007781E2 /* ReminderItemView.swift in Sources */,
				7156444226031CA9005E81FD /* Array+Extension.swift in Sources */,
				71F301FA259FB5CF00CDD81E /* UserPreferences.swift in Sources */,
				71A3834625BDD2AC00975B4C /* EKReminder+Extensions.swift in Sources */,
				71B4AD6625B9118000214219 /* NoReminderItemsView.swift in Sources */,
				714E6F6125CCF66000BA0099 /* Constants.swift in Sources */,
				71F9726A25981EDF00D0A118 /* NSTableView+Extensions.swift in Sources */,
				71564448260324FA005E81FD /* PrioritizedReminders.swift in Sources */,
				7156443A26030591005E81FD /* ArrayEKReminder+Extension.swift in Sources */,
				71A3834325BCA69C00975B4C /* Date+Extensions.swift in Sources */,
				714C4980267FA56F00721516 /* remindersLocalized.swift in Sources */,
				71D12FF625EA196F00A1A0E6 /* UpcomingRemindersTitle.swift in Sources */,
				714D03B226042416003063F7 /* Calendar+Extensions.swift in Sources */,
				712C32B424BF939100AC75E2 /* AppDelegate.swift in Sources */,
				71032A8F24C21F0F00A8006C /* FormNewReminderView.swift in Sources */,
				7172A74824C776E6001F96F1 /* RemindersData.swift in Sources */,
				7102423025F55D5600451D15 /* ReminderInterval.swift in Sources */,
				71B4AD5325B7F37D00214219 /* NSTextFiel+Extensions.swift in Sources */,
				71A0B2DC25CE20AC004E06AE /* AppUpdateCheckHelper.swift in Sources */,
			);
			runOnlyForDeploymentPostprocessing = 0;
		};
/* End PBXSourcesBuildPhase section */

/* Begin PBXVariantGroup section */
		712C32BC24BF939200AC75E2 /* Main.storyboard */ = {
			isa = PBXVariantGroup;
			children = (
				712C32BD24BF939200AC75E2 /* Base */,
				A346D6F92696EC3800A63A5D /* it */,
			);
			name = Main.storyboard;
			sourceTree = "<group>";
		};
		7151CC9A265E0388002D7F1D /* Localizable.strings */ = {
			isa = PBXVariantGroup;
			children = (
				7151CC99265E0388002D7F1D /* en */,
				A346D6FA2696EC3800A63A5D /* it */,
			);
			name = Localizable.strings;
			sourceTree = "<group>";
		};
/* End PBXVariantGroup section */

/* Begin XCBuildConfiguration section */
		71059DB825CA5245001F3063 /* Debug */ = {
			isa = XCBuildConfiguration;
			buildSettings = {
				ASSETCATALOG_COMPILER_GLOBAL_ACCENT_COLOR_NAME = AccentColor;
				CODE_SIGN_ENTITLEMENTS = RemindersLauncher/RemindersLauncher.entitlements;
				CODE_SIGN_IDENTITY = "Apple Development";
				CODE_SIGN_STYLE = Automatic;
				COMBINE_HIDPI_IMAGES = YES;
				DEVELOPMENT_ASSET_PATHS = "";
				DEVELOPMENT_TEAM = 3398VKLH28;
				ENABLE_HARDENED_RUNTIME = YES;
				ENABLE_PREVIEWS = YES;
				INFOPLIST_FILE = RemindersLauncher/Info.plist;
				LD_RUNPATH_SEARCH_PATHS = (
					"$(inherited)",
					"@executable_path/../Frameworks",
				);
				MACOSX_DEPLOYMENT_TARGET = 11.0;
				PRODUCT_BUNDLE_IDENTIFIER = br.com.damascenorafael.RemindersLauncher;
				PRODUCT_NAME = "$(TARGET_NAME)";
				SKIP_INSTALL = YES;
				SWIFT_VERSION = 5.0;
			};
			name = Debug;
		};
		71059DB925CA5245001F3063 /* Release */ = {
			isa = XCBuildConfiguration;
			buildSettings = {
				ASSETCATALOG_COMPILER_GLOBAL_ACCENT_COLOR_NAME = AccentColor;
				CODE_SIGN_ENTITLEMENTS = RemindersLauncher/RemindersLauncher.entitlements;
				CODE_SIGN_IDENTITY = "Apple Development";
				CODE_SIGN_STYLE = Automatic;
				COMBINE_HIDPI_IMAGES = YES;
				DEVELOPMENT_ASSET_PATHS = "";
				DEVELOPMENT_TEAM = 3398VKLH28;
				ENABLE_HARDENED_RUNTIME = YES;
				ENABLE_PREVIEWS = YES;
				INFOPLIST_FILE = RemindersLauncher/Info.plist;
				LD_RUNPATH_SEARCH_PATHS = (
					"$(inherited)",
					"@executable_path/../Frameworks",
				);
				MACOSX_DEPLOYMENT_TARGET = 11.0;
				PRODUCT_BUNDLE_IDENTIFIER = br.com.damascenorafael.RemindersLauncher;
				PRODUCT_NAME = "$(TARGET_NAME)";
				SKIP_INSTALL = YES;
				SWIFT_VERSION = 5.0;
			};
			name = Release;
		};
		712C32C124BF939200AC75E2 /* Debug */ = {
			isa = XCBuildConfiguration;
			buildSettings = {
				ALWAYS_SEARCH_USER_PATHS = NO;
				CLANG_ANALYZER_LOCALIZABILITY_NONLOCALIZED = YES;
				CLANG_ANALYZER_NONNULL = YES;
				CLANG_ANALYZER_NUMBER_OBJECT_CONVERSION = YES_AGGRESSIVE;
				CLANG_CXX_LANGUAGE_STANDARD = "gnu++14";
				CLANG_CXX_LIBRARY = "libc++";
				CLANG_ENABLE_MODULES = YES;
				CLANG_ENABLE_OBJC_ARC = YES;
				CLANG_ENABLE_OBJC_WEAK = YES;
				CLANG_WARN_BLOCK_CAPTURE_AUTORELEASING = YES;
				CLANG_WARN_BOOL_CONVERSION = YES;
				CLANG_WARN_COMMA = YES;
				CLANG_WARN_CONSTANT_CONVERSION = YES;
				CLANG_WARN_DEPRECATED_OBJC_IMPLEMENTATIONS = YES;
				CLANG_WARN_DIRECT_OBJC_ISA_USAGE = YES_ERROR;
				CLANG_WARN_DOCUMENTATION_COMMENTS = YES;
				CLANG_WARN_EMPTY_BODY = YES;
				CLANG_WARN_ENUM_CONVERSION = YES;
				CLANG_WARN_INFINITE_RECURSION = YES;
				CLANG_WARN_INT_CONVERSION = YES;
				CLANG_WARN_NON_LITERAL_NULL_CONVERSION = YES;
				CLANG_WARN_OBJC_IMPLICIT_RETAIN_SELF = YES;
				CLANG_WARN_OBJC_LITERAL_CONVERSION = YES;
				CLANG_WARN_OBJC_ROOT_CLASS = YES_ERROR;
				CLANG_WARN_QUOTED_INCLUDE_IN_FRAMEWORK_HEADER = YES;
				CLANG_WARN_RANGE_LOOP_ANALYSIS = YES;
				CLANG_WARN_STRICT_PROTOTYPES = YES;
				CLANG_WARN_SUSPICIOUS_MOVE = YES;
				CLANG_WARN_UNGUARDED_AVAILABILITY = YES_AGGRESSIVE;
				CLANG_WARN_UNREACHABLE_CODE = YES;
				CLANG_WARN__DUPLICATE_METHOD_MATCH = YES;
				COPY_PHASE_STRIP = NO;
				DEBUG_INFORMATION_FORMAT = dwarf;
				ENABLE_STRICT_OBJC_MSGSEND = YES;
				ENABLE_TESTABILITY = YES;
				GCC_C_LANGUAGE_STANDARD = gnu11;
				GCC_DYNAMIC_NO_PIC = NO;
				GCC_NO_COMMON_BLOCKS = YES;
				GCC_OPTIMIZATION_LEVEL = 0;
				GCC_PREPROCESSOR_DEFINITIONS = (
					"DEBUG=1",
					"$(inherited)",
				);
				GCC_WARN_64_TO_32_BIT_CONVERSION = YES;
				GCC_WARN_ABOUT_RETURN_TYPE = YES_ERROR;
				GCC_WARN_UNDECLARED_SELECTOR = YES;
				GCC_WARN_UNINITIALIZED_AUTOS = YES_AGGRESSIVE;
				GCC_WARN_UNUSED_FUNCTION = YES;
				GCC_WARN_UNUSED_VARIABLE = YES;
				MACOSX_DEPLOYMENT_TARGET = 11.0;
				MTL_ENABLE_DEBUG_INFO = INCLUDE_SOURCE;
				MTL_FAST_MATH = YES;
				ONLY_ACTIVE_ARCH = YES;
				SDKROOT = macosx;
				SWIFT_ACTIVE_COMPILATION_CONDITIONS = DEBUG;
				SWIFT_OPTIMIZATION_LEVEL = "-Onone";
			};
			name = Debug;
		};
		712C32C224BF939200AC75E2 /* Release */ = {
			isa = XCBuildConfiguration;
			buildSettings = {
				ALWAYS_SEARCH_USER_PATHS = NO;
				CLANG_ANALYZER_LOCALIZABILITY_NONLOCALIZED = YES;
				CLANG_ANALYZER_NONNULL = YES;
				CLANG_ANALYZER_NUMBER_OBJECT_CONVERSION = YES_AGGRESSIVE;
				CLANG_CXX_LANGUAGE_STANDARD = "gnu++14";
				CLANG_CXX_LIBRARY = "libc++";
				CLANG_ENABLE_MODULES = YES;
				CLANG_ENABLE_OBJC_ARC = YES;
				CLANG_ENABLE_OBJC_WEAK = YES;
				CLANG_WARN_BLOCK_CAPTURE_AUTORELEASING = YES;
				CLANG_WARN_BOOL_CONVERSION = YES;
				CLANG_WARN_COMMA = YES;
				CLANG_WARN_CONSTANT_CONVERSION = YES;
				CLANG_WARN_DEPRECATED_OBJC_IMPLEMENTATIONS = YES;
				CLANG_WARN_DIRECT_OBJC_ISA_USAGE = YES_ERROR;
				CLANG_WARN_DOCUMENTATION_COMMENTS = YES;
				CLANG_WARN_EMPTY_BODY = YES;
				CLANG_WARN_ENUM_CONVERSION = YES;
				CLANG_WARN_INFINITE_RECURSION = YES;
				CLANG_WARN_INT_CONVERSION = YES;
				CLANG_WARN_NON_LITERAL_NULL_CONVERSION = YES;
				CLANG_WARN_OBJC_IMPLICIT_RETAIN_SELF = YES;
				CLANG_WARN_OBJC_LITERAL_CONVERSION = YES;
				CLANG_WARN_OBJC_ROOT_CLASS = YES_ERROR;
				CLANG_WARN_QUOTED_INCLUDE_IN_FRAMEWORK_HEADER = YES;
				CLANG_WARN_RANGE_LOOP_ANALYSIS = YES;
				CLANG_WARN_STRICT_PROTOTYPES = YES;
				CLANG_WARN_SUSPICIOUS_MOVE = YES;
				CLANG_WARN_UNGUARDED_AVAILABILITY = YES_AGGRESSIVE;
				CLANG_WARN_UNREACHABLE_CODE = YES;
				CLANG_WARN__DUPLICATE_METHOD_MATCH = YES;
				COPY_PHASE_STRIP = NO;
				DEBUG_INFORMATION_FORMAT = "dwarf-with-dsym";
				ENABLE_NS_ASSERTIONS = NO;
				ENABLE_STRICT_OBJC_MSGSEND = YES;
				GCC_C_LANGUAGE_STANDARD = gnu11;
				GCC_NO_COMMON_BLOCKS = YES;
				GCC_WARN_64_TO_32_BIT_CONVERSION = YES;
				GCC_WARN_ABOUT_RETURN_TYPE = YES_ERROR;
				GCC_WARN_UNDECLARED_SELECTOR = YES;
				GCC_WARN_UNINITIALIZED_AUTOS = YES_AGGRESSIVE;
				GCC_WARN_UNUSED_FUNCTION = YES;
				GCC_WARN_UNUSED_VARIABLE = YES;
				MACOSX_DEPLOYMENT_TARGET = 11.0;
				MTL_ENABLE_DEBUG_INFO = NO;
				MTL_FAST_MATH = YES;
				SDKROOT = macosx;
				SWIFT_COMPILATION_MODE = wholemodule;
				SWIFT_OPTIMIZATION_LEVEL = "-O";
			};
			name = Release;
		};
		712C32C424BF939200AC75E2 /* Debug */ = {
			isa = XCBuildConfiguration;
			buildSettings = {
				ASSETCATALOG_COMPILER_APPICON_NAME = AppIcon;
				CODE_SIGN_ENTITLEMENTS = "reminders-menu-bar/reminders_menu_bar.entitlements";
				CODE_SIGN_IDENTITY = "Apple Development";
				CODE_SIGN_STYLE = Automatic;
				COMBINE_HIDPI_IMAGES = YES;
				DEVELOPMENT_ASSET_PATHS = "\"reminders-menu-bar/Preview Content\"";
				DEVELOPMENT_TEAM = 3398VKLH28;
				ENABLE_HARDENED_RUNTIME = YES;
				ENABLE_PREVIEWS = YES;
				INFOPLIST_FILE = "reminders-menu-bar/Info.plist";
				LD_RUNPATH_SEARCH_PATHS = (
					"$(inherited)",
					"@executable_path/../Frameworks",
				);
				MACOSX_DEPLOYMENT_TARGET = 11.0;
				MARKETING_VERSION = 1.5.0;
				PRODUCT_BUNDLE_IDENTIFIER = "br.com.damascenorafael.reminders-menu-bar";
				PRODUCT_NAME = "$(TARGET_NAME)";
				SWIFT_VERSION = 5.0;
			};
			name = Debug;
		};
		712C32C524BF939200AC75E2 /* Release */ = {
			isa = XCBuildConfiguration;
			buildSettings = {
				ASSETCATALOG_COMPILER_APPICON_NAME = AppIcon;
				CODE_SIGN_ENTITLEMENTS = "reminders-menu-bar/reminders_menu_bar.entitlements";
				CODE_SIGN_IDENTITY = "Apple Development";
				CODE_SIGN_STYLE = Automatic;
				COMBINE_HIDPI_IMAGES = YES;
				DEVELOPMENT_ASSET_PATHS = "\"reminders-menu-bar/Preview Content\"";
				DEVELOPMENT_TEAM = 3398VKLH28;
				ENABLE_HARDENED_RUNTIME = YES;
				ENABLE_PREVIEWS = YES;
				INFOPLIST_FILE = "reminders-menu-bar/Info.plist";
				LD_RUNPATH_SEARCH_PATHS = (
					"$(inherited)",
					"@executable_path/../Frameworks",
				);
				MACOSX_DEPLOYMENT_TARGET = 11.0;
				MARKETING_VERSION = 1.5.0;
				PRODUCT_BUNDLE_IDENTIFIER = "br.com.damascenorafael.reminders-menu-bar";
				PRODUCT_NAME = "$(TARGET_NAME)";
				SWIFT_VERSION = 5.0;
			};
			name = Release;
		};
/* End XCBuildConfiguration section */

/* Begin XCConfigurationList section */
		71059DBA25CA5245001F3063 /* Build configuration list for PBXNativeTarget "RemindersLauncher" */ = {
			isa = XCConfigurationList;
			buildConfigurations = (
				71059DB825CA5245001F3063 /* Debug */,
				71059DB925CA5245001F3063 /* Release */,
			);
			defaultConfigurationIsVisible = 0;
			defaultConfigurationName = Release;
		};
		712C32AB24BF939100AC75E2 /* Build configuration list for PBXProject "reminders-menu-bar" */ = {
			isa = XCConfigurationList;
			buildConfigurations = (
				712C32C124BF939200AC75E2 /* Debug */,
				712C32C224BF939200AC75E2 /* Release */,
			);
			defaultConfigurationIsVisible = 0;
			defaultConfigurationName = Release;
		};
		712C32C324BF939200AC75E2 /* Build configuration list for PBXNativeTarget "Reminders Menu Bar" */ = {
			isa = XCConfigurationList;
			buildConfigurations = (
				712C32C424BF939200AC75E2 /* Debug */,
				712C32C524BF939200AC75E2 /* Release */,
			);
			defaultConfigurationIsVisible = 0;
			defaultConfigurationName = Release;
		};
/* End XCConfigurationList section */
	};
	rootObject = 712C32A824BF939100AC75E2 /* Project object */;
}
